// !$*UTF8*$!
{
	archiveVersion = 1;
	classes = {
	};
	objectVersion = 46;
	objects = {

/* Begin PBXBuildFile section */
		1D3623260D0F684500981E51 /* SplitForceAppDelegate.m in Sources */ = {isa = PBXBuildFile; fileRef = 1D3623250D0F684500981E51 /* SplitForceAppDelegate.m */; };
		1D60589B0D05DD56006BFB54 /* main.m in Sources */ = {isa = PBXBuildFile; fileRef = 29B97316FDCFA39411CA2CEA /* main.m */; };
		1D60589F0D05DD5A006BFB54 /* Foundation.framework in Frameworks */ = {isa = PBXBuildFile; fileRef = 1D30AB110D05D00D00671497 /* Foundation.framework */; };
		1DF5F4E00D08C38300B7A737 /* UIKit.framework in Frameworks */ = {isa = PBXBuildFile; fileRef = 1DF5F4DF0D08C38300B7A737 /* UIKit.framework */; };
		2804200B108E984D000629CD /* RootViewController.m in Sources */ = {isa = PBXBuildFile; fileRef = 28042008108E984D000629CD /* RootViewController.m */; };
		2804200C108E984D000629CD /* DetailViewController.m in Sources */ = {isa = PBXBuildFile; fileRef = 2804200A108E984D000629CD /* DetailViewController.m */; };
		2804203C108E9BAB000629CD /* DetailView.xib in Resources */ = {isa = PBXBuildFile; fileRef = 2804203B108E9BAB000629CD /* DetailView.xib */; };
		2892E4100DC94CBA00A64D0F /* CoreGraphics.framework in Frameworks */ = {isa = PBXBuildFile; fileRef = 2892E40F0DC94CBA00A64D0F /* CoreGraphics.framework */; };
		28AD73600D9D9599002E5188 /* MainWindow.xib in Resources */ = {isa = PBXBuildFile; fileRef = 28AD735F0D9D9599002E5188 /* MainWindow.xib */; };
		5C17F6981212522300E4EC57 /* KeychainItemWrapper.m in Sources */ = {isa = PBXBuildFile; fileRef = 5C17F6501212522300E4EC57 /* KeychainItemWrapper.m */; };
		5C17F6991212522300E4EC57 /* zkDescribeLayout.m in Sources */ = {isa = PBXBuildFile; fileRef = 5C17F6531212522300E4EC57 /* zkDescribeLayout.m */; };
		5C17F69A1212522300E4EC57 /* zkDescribeLayoutButton.m in Sources */ = {isa = PBXBuildFile; fileRef = 5C17F6551212522300E4EC57 /* zkDescribeLayoutButton.m */; };
		5C17F69B1212522300E4EC57 /* zkDescribeLayoutButtonSection.m in Sources */ = {isa = PBXBuildFile; fileRef = 5C17F6571212522300E4EC57 /* zkDescribeLayoutButtonSection.m */; };
		5C17F69C1212522300E4EC57 /* zkDescribeLayoutComponent.m in Sources */ = {isa = PBXBuildFile; fileRef = 5C17F6581212522300E4EC57 /* zkDescribeLayoutComponent.m */; };
		5C17F69D1212522300E4EC57 /* zkDescribeLayoutItem.m in Sources */ = {isa = PBXBuildFile; fileRef = 5C17F6591212522300E4EC57 /* zkDescribeLayoutItem.m */; };
		5C17F69E1212522300E4EC57 /* zkDescribeLayoutResult.m in Sources */ = {isa = PBXBuildFile; fileRef = 5C17F65B1212522300E4EC57 /* zkDescribeLayoutResult.m */; };
		5C17F69F1212522300E4EC57 /* zkDescribeLayoutRow.m in Sources */ = {isa = PBXBuildFile; fileRef = 5C17F65C1212522300E4EC57 /* zkDescribeLayoutRow.m */; };
		5C17F6A01212522300E4EC57 /* zkDescribeLayoutSection.m in Sources */ = {isa = PBXBuildFile; fileRef = 5C17F65D1212522300E4EC57 /* zkDescribeLayoutSection.m */; };
		5C17F6A11212522300E4EC57 /* zkPicklistForRecordType.m in Sources */ = {isa = PBXBuildFile; fileRef = 5C17F65F1212522300E4EC57 /* zkPicklistForRecordType.m */; };
		5C17F6A21212522300E4EC57 /* zkRecordTypeMapping.m in Sources */ = {isa = PBXBuildFile; fileRef = 5C17F6611212522300E4EC57 /* zkRecordTypeMapping.m */; };
		5C17F6A31212522300E4EC57 /* zkRelatedList.m in Sources */ = {isa = PBXBuildFile; fileRef = 5C17F6631212522300E4EC57 /* zkRelatedList.m */; };
		5C17F6A41212522300E4EC57 /* zkRelatedListColumn.m in Sources */ = {isa = PBXBuildFile; fileRef = 5C17F6651212522300E4EC57 /* zkRelatedListColumn.m */; };
		5C17F6A51212522300E4EC57 /* zkRelatedListSort.m in Sources */ = {isa = PBXBuildFile; fileRef = 5C17F6671212522300E4EC57 /* zkRelatedListSort.m */; };
		5C17F6A61212522300E4EC57 /* zkBaseClient.m in Sources */ = {isa = PBXBuildFile; fileRef = 5C17F66A1212522300E4EC57 /* zkBaseClient.m */; };
		5C17F6A71212522300E4EC57 /* zkChildRelationship.m in Sources */ = {isa = PBXBuildFile; fileRef = 5C17F66C1212522300E4EC57 /* zkChildRelationship.m */; };
		5C17F6A81212522300E4EC57 /* zkDescribeField.m in Sources */ = {isa = PBXBuildFile; fileRef = 5C17F66F1212522300E4EC57 /* zkDescribeField.m */; };
		5C17F6A91212522300E4EC57 /* zkDescribeGlobalSObject.m in Sources */ = {isa = PBXBuildFile; fileRef = 5C17F6711212522300E4EC57 /* zkDescribeGlobalSObject.m */; };
		5C17F6AA1212522300E4EC57 /* zkDescribeSObject.m in Sources */ = {isa = PBXBuildFile; fileRef = 5C17F6771212522300E4EC57 /* zkDescribeSObject.m */; };
		5C17F6AB1212522300E4EC57 /* zkEnvelope.m in Sources */ = {isa = PBXBuildFile; fileRef = 5C17F6791212522300E4EC57 /* zkEnvelope.m */; };
		5C17F6AC1212522300E4EC57 /* zkLoginResult.m in Sources */ = {isa = PBXBuildFile; fileRef = 5C17F67B1212522300E4EC57 /* zkLoginResult.m */; };
		5C17F6AD1212522300E4EC57 /* zkParser.m in Sources */ = {isa = PBXBuildFile; fileRef = 5C17F67D1212522300E4EC57 /* zkParser.m */; };
		5C17F6AE1212522300E4EC57 /* ZKPartnerEnvelope.m in Sources */ = {isa = PBXBuildFile; fileRef = 5C17F67F1212522300E4EC57 /* ZKPartnerEnvelope.m */; };
		5C17F6AF1212522300E4EC57 /* ZKPicklistEntry.m in Sources */ = {isa = PBXBuildFile; fileRef = 5C17F6811212522300E4EC57 /* ZKPicklistEntry.m */; };
		5C17F6B01212522300E4EC57 /* zkQueryResult.m in Sources */ = {isa = PBXBuildFile; fileRef = 5C17F6831212522300E4EC57 /* zkQueryResult.m */; };
		5C17F6B11212522300E4EC57 /* zkQueryResult_NSTableView.m in Sources */ = {isa = PBXBuildFile; fileRef = 5C17F6851212522300E4EC57 /* zkQueryResult_NSTableView.m */; };
		5C17F6B21212522300E4EC57 /* ZKRecordTypeInfo.m in Sources */ = {isa = PBXBuildFile; fileRef = 5C17F6871212522300E4EC57 /* ZKRecordTypeInfo.m */; };
		5C17F6B31212522300E4EC57 /* zkSaveResult.m in Sources */ = {isa = PBXBuildFile; fileRef = 5C17F6891212522300E4EC57 /* zkSaveResult.m */; };
		5C17F6B41212522300E4EC57 /* zkSforceClient.m in Sources */ = {isa = PBXBuildFile; fileRef = 5C17F68C1212522300E4EC57 /* zkSforceClient.m */; };
		5C17F6B51212522300E4EC57 /* zkSoapException.m in Sources */ = {isa = PBXBuildFile; fileRef = 5C17F68E1212522300E4EC57 /* zkSoapException.m */; };
		5C17F6B61212522300E4EC57 /* zkSObject.m in Sources */ = {isa = PBXBuildFile; fileRef = 5C17F6901212522300E4EC57 /* zkSObject.m */; };
		5C17F6B71212522300E4EC57 /* ZKURLConnection.m in Sources */ = {isa = PBXBuildFile; fileRef = 5C17F6921212522300E4EC57 /* ZKURLConnection.m */; };
		5C17F6B81212522300E4EC57 /* zkUserInfo.m in Sources */ = {isa = PBXBuildFile; fileRef = 5C17F6941212522300E4EC57 /* zkUserInfo.m */; };
		5C17F6B91212522300E4EC57 /* zkXmlDeserializer.m in Sources */ = {isa = PBXBuildFile; fileRef = 5C17F6961212522300E4EC57 /* zkXmlDeserializer.m */; };
		5CDD7E0A11CEC89000398443 /* Security.framework in Frameworks */ = {isa = PBXBuildFile; fileRef = 5CDD7E0911CEC89000398443 /* Security.framework */; };
		5CDD7E1C11CECA9A00398443 /* LoginView.xib in Resources */ = {isa = PBXBuildFile; fileRef = 5CDD7E1B11CECA9A00398443 /* LoginView.xib */; };
		5CDD7E2811CECB8A00398443 /* LoginViewController.m in Sources */ = {isa = PBXBuildFile; fileRef = 5CDD7E2711CECB8A00398443 /* LoginViewController.m */; };
/* End PBXBuildFile section */

/* Begin PBXFileReference section */
		1D30AB110D05D00D00671497 /* Foundation.framework */ = {isa = PBXFileReference; lastKnownFileType = wrapper.framework; name = Foundation.framework; path = System/Library/Frameworks/Foundation.framework; sourceTree = SDKROOT; };
		1D3623240D0F684500981E51 /* SplitForceAppDelegate.h */ = {isa = PBXFileReference; fileEncoding = 4; lastKnownFileType = sourcecode.c.h; path = SplitForceAppDelegate.h; sourceTree = "<group>"; };
		1D3623250D0F684500981E51 /* SplitForceAppDelegate.m */ = {isa = PBXFileReference; fileEncoding = 4; lastKnownFileType = sourcecode.c.objc; path = SplitForceAppDelegate.m; sourceTree = "<group>"; };
		1D6058910D05DD3D006BFB54 /* SplitForceSynch.app */ = {isa = PBXFileReference; explicitFileType = wrapper.application; includeInIndex = 0; path = SplitForceSynch.app; sourceTree = BUILT_PRODUCTS_DIR; };
		1DF5F4DF0D08C38300B7A737 /* UIKit.framework */ = {isa = PBXFileReference; lastKnownFileType = wrapper.framework; name = UIKit.framework; path = System/Library/Frameworks/UIKit.framework; sourceTree = SDKROOT; };
		28042007108E984D000629CD /* RootViewController.h */ = {isa = PBXFileReference; fileEncoding = 4; lastKnownFileType = sourcecode.c.h; path = RootViewController.h; sourceTree = "<group>"; };
		28042008108E984D000629CD /* RootViewController.m */ = {isa = PBXFileReference; fileEncoding = 4; lastKnownFileType = sourcecode.c.objc; path = RootViewController.m; sourceTree = "<group>"; };
		28042009108E984D000629CD /* DetailViewController.h */ = {isa = PBXFileReference; fileEncoding = 4; lastKnownFileType = sourcecode.c.h; path = DetailViewController.h; sourceTree = "<group>"; };
		2804200A108E984D000629CD /* DetailViewController.m */ = {isa = PBXFileReference; fileEncoding = 4; lastKnownFileType = sourcecode.c.objc; path = DetailViewController.m; sourceTree = "<group>"; };
		2804203B108E9BAB000629CD /* DetailView.xib */ = {isa = PBXFileReference; lastKnownFileType = file.xib; path = DetailView.xib; sourceTree = "<group>"; };
		2892E40F0DC94CBA00A64D0F /* CoreGraphics.framework */ = {isa = PBXFileReference; lastKnownFileType = wrapper.framework; name = CoreGraphics.framework; path = System/Library/Frameworks/CoreGraphics.framework; sourceTree = SDKROOT; };
		28A0AAE50D9B0CCF005BE974 /* SplitForceSynch_Prefix.pch */ = {isa = PBXFileReference; fileEncoding = 4; lastKnownFileType = sourcecode.c.h; path = SplitForceSynch_Prefix.pch; sourceTree = "<group>"; };
		28AD735F0D9D9599002E5188 /* MainWindow.xib */ = {isa = PBXFileReference; lastKnownFileType = file.xib; path = MainWindow.xib; sourceTree = "<group>"; };
		29B97316FDCFA39411CA2CEA /* main.m */ = {isa = PBXFileReference; fileEncoding = 4; lastKnownFileType = sourcecode.c.objc; path = main.m; sourceTree = "<group>"; };
		5C17F64F1212522300E4EC57 /* KeychainItemWrapper.h */ = {isa = PBXFileReference; fileEncoding = 4; lastKnownFileType = sourcecode.c.h; path = KeychainItemWrapper.h; sourceTree = "<group>"; };
		5C17F6501212522300E4EC57 /* KeychainItemWrapper.m */ = {isa = PBXFileReference; fileEncoding = 4; lastKnownFileType = sourcecode.c.objc; path = KeychainItemWrapper.m; sourceTree = "<group>"; };
		5C17F6521212522300E4EC57 /* zkDescribeLayout.h */ = {isa = PBXFileReference; fileEncoding = 4; lastKnownFileType = sourcecode.c.h; path = zkDescribeLayout.h; sourceTree = "<group>"; };
		5C17F6531212522300E4EC57 /* zkDescribeLayout.m */ = {isa = PBXFileReference; fileEncoding = 4; lastKnownFileType = sourcecode.c.objc; path = zkDescribeLayout.m; sourceTree = "<group>"; };
		5C17F6541212522300E4EC57 /* zkDescribeLayoutButton.h */ = {isa = PBXFileReference; fileEncoding = 4; lastKnownFileType = sourcecode.c.h; path = zkDescribeLayoutButton.h; sourceTree = "<group>"; };
		5C17F6551212522300E4EC57 /* zkDescribeLayoutButton.m */ = {isa = PBXFileReference; fileEncoding = 4; lastKnownFileType = sourcecode.c.objc; path = zkDescribeLayoutButton.m; sourceTree = "<group>"; };
		5C17F6561212522300E4EC57 /* zkDescribeLayoutButtonSection.h */ = {isa = PBXFileReference; fileEncoding = 4; lastKnownFileType = sourcecode.c.h; path = zkDescribeLayoutButtonSection.h; sourceTree = "<group>"; };
		5C17F6571212522300E4EC57 /* zkDescribeLayoutButtonSection.m */ = {isa = PBXFileReference; fileEncoding = 4; lastKnownFileType = sourcecode.c.objc; path = zkDescribeLayoutButtonSection.m; sourceTree = "<group>"; };
		5C17F6581212522300E4EC57 /* zkDescribeLayoutComponent.m */ = {isa = PBXFileReference; fileEncoding = 4; lastKnownFileType = sourcecode.c.objc; path = zkDescribeLayoutComponent.m; sourceTree = "<group>"; };
		5C17F6591212522300E4EC57 /* zkDescribeLayoutItem.m */ = {isa = PBXFileReference; fileEncoding = 4; lastKnownFileType = sourcecode.c.objc; path = zkDescribeLayoutItem.m; sourceTree = "<group>"; };
		5C17F65A1212522300E4EC57 /* zkDescribeLayoutResult.h */ = {isa = PBXFileReference; fileEncoding = 4; lastKnownFileType = sourcecode.c.h; path = zkDescribeLayoutResult.h; sourceTree = "<group>"; };
		5C17F65B1212522300E4EC57 /* zkDescribeLayoutResult.m */ = {isa = PBXFileReference; fileEncoding = 4; lastKnownFileType = sourcecode.c.objc; path = zkDescribeLayoutResult.m; sourceTree = "<group>"; };
		5C17F65C1212522300E4EC57 /* zkDescribeLayoutRow.m */ = {isa = PBXFileReference; fileEncoding = 4; lastKnownFileType = sourcecode.c.objc; path = zkDescribeLayoutRow.m; sourceTree = "<group>"; };
		5C17F65D1212522300E4EC57 /* zkDescribeLayoutSection.m */ = {isa = PBXFileReference; fileEncoding = 4; lastKnownFileType = sourcecode.c.objc; path = zkDescribeLayoutSection.m; sourceTree = "<group>"; };
		5C17F65E1212522300E4EC57 /* zkPicklistForRecordType.h */ = {isa = PBXFileReference; fileEncoding = 4; lastKnownFileType = sourcecode.c.h; path = zkPicklistForRecordType.h; sourceTree = "<group>"; };
		5C17F65F1212522300E4EC57 /* zkPicklistForRecordType.m */ = {isa = PBXFileReference; fileEncoding = 4; lastKnownFileType = sourcecode.c.objc; path = zkPicklistForRecordType.m; sourceTree = "<group>"; };
		5C17F6601212522300E4EC57 /* zkRecordTypeMapping.h */ = {isa = PBXFileReference; fileEncoding = 4; lastKnownFileType = sourcecode.c.h; path = zkRecordTypeMapping.h; sourceTree = "<group>"; };
		5C17F6611212522300E4EC57 /* zkRecordTypeMapping.m */ = {isa = PBXFileReference; fileEncoding = 4; lastKnownFileType = sourcecode.c.objc; path = zkRecordTypeMapping.m; sourceTree = "<group>"; };
		5C17F6621212522300E4EC57 /* zkRelatedList.h */ = {isa = PBXFileReference; fileEncoding = 4; lastKnownFileType = sourcecode.c.h; path = zkRelatedList.h; sourceTree = "<group>"; };
		5C17F6631212522300E4EC57 /* zkRelatedList.m */ = {isa = PBXFileReference; fileEncoding = 4; lastKnownFileType = sourcecode.c.objc; path = zkRelatedList.m; sourceTree = "<group>"; };
		5C17F6641212522300E4EC57 /* zkRelatedListColumn.h */ = {isa = PBXFileReference; fileEncoding = 4; lastKnownFileType = sourcecode.c.h; path = zkRelatedListColumn.h; sourceTree = "<group>"; };
		5C17F6651212522300E4EC57 /* zkRelatedListColumn.m */ = {isa = PBXFileReference; fileEncoding = 4; lastKnownFileType = sourcecode.c.objc; path = zkRelatedListColumn.m; sourceTree = "<group>"; };
		5C17F6661212522300E4EC57 /* zkRelatedListSort.h */ = {isa = PBXFileReference; fileEncoding = 4; lastKnownFileType = sourcecode.c.h; path = zkRelatedListSort.h; sourceTree = "<group>"; };
		5C17F6671212522300E4EC57 /* zkRelatedListSort.m */ = {isa = PBXFileReference; fileEncoding = 4; lastKnownFileType = sourcecode.c.objc; path = zkRelatedListSort.m; sourceTree = "<group>"; };
		5C17F6681212522300E4EC57 /* ZKResponse.h */ = {isa = PBXFileReference; fileEncoding = 4; lastKnownFileType = sourcecode.c.h; path = ZKResponse.h; sourceTree = "<group>"; };
		5C17F6691212522300E4EC57 /* zkBaseClient.h */ = {isa = PBXFileReference; fileEncoding = 4; lastKnownFileType = sourcecode.c.h; path = zkBaseClient.h; sourceTree = "<group>"; };
		5C17F66A1212522300E4EC57 /* zkBaseClient.m */ = {isa = PBXFileReference; fileEncoding = 4; lastKnownFileType = sourcecode.c.objc; path = zkBaseClient.m; sourceTree = "<group>"; };
		5C17F66B1212522300E4EC57 /* zkChildRelationship.h */ = {isa = PBXFileReference; fileEncoding = 4; lastKnownFileType = sourcecode.c.h; path = zkChildRelationship.h; sourceTree = "<group>"; };
		5C17F66C1212522300E4EC57 /* zkChildRelationship.m */ = {isa = PBXFileReference; fileEncoding = 4; lastKnownFileType = sourcecode.c.objc; path = zkChildRelationship.m; sourceTree = "<group>"; };
		5C17F66D1212522300E4EC57 /* ZKDescribeButtonSection.h */ = {isa = PBXFileReference; fileEncoding = 4; lastKnownFileType = sourcecode.c.h; path = ZKDescribeButtonSection.h; sourceTree = "<group>"; };
		5C17F66E1212522300E4EC57 /* zkDescribeField.h */ = {isa = PBXFileReference; fileEncoding = 4; lastKnownFileType = sourcecode.c.h; path = zkDescribeField.h; sourceTree = "<group>"; };
		5C17F66F1212522300E4EC57 /* zkDescribeField.m */ = {isa = PBXFileReference; fileEncoding = 4; lastKnownFileType = sourcecode.c.objc; path = zkDescribeField.m; sourceTree = "<group>"; };
		5C17F6701212522300E4EC57 /* zkDescribeGlobalSObject.h */ = {isa = PBXFileReference; fileEncoding = 4; lastKnownFileType = sourcecode.c.h; path = zkDescribeGlobalSObject.h; sourceTree = "<group>"; };
		5C17F6711212522300E4EC57 /* zkDescribeGlobalSObject.m */ = {isa = PBXFileReference; fileEncoding = 4; lastKnownFileType = sourcecode.c.objc; path = zkDescribeGlobalSObject.m; sourceTree = "<group>"; };
		5C17F6721212522300E4EC57 /* zkDescribeLayoutComponent.h */ = {isa = PBXFileReference; fileEncoding = 4; lastKnownFileType = sourcecode.c.h; path = zkDescribeLayoutComponent.h; sourceTree = "<group>"; };
		5C17F6731212522300E4EC57 /* zkDescribeLayoutItem.h */ = {isa = PBXFileReference; fileEncoding = 4; lastKnownFileType = sourcecode.c.h; path = zkDescribeLayoutItem.h; sourceTree = "<group>"; };
		5C17F6741212522300E4EC57 /* zkDescribeLayoutRow.h */ = {isa = PBXFileReference; fileEncoding = 4; lastKnownFileType = sourcecode.c.h; path = zkDescribeLayoutRow.h; sourceTree = "<group>"; };
		5C17F6751212522300E4EC57 /* zkDescribeLayoutSection.h */ = {isa = PBXFileReference; fileEncoding = 4; lastKnownFileType = sourcecode.c.h; path = zkDescribeLayoutSection.h; sourceTree = "<group>"; };
		5C17F6761212522300E4EC57 /* zkDescribeSObject.h */ = {isa = PBXFileReference; fileEncoding = 4; lastKnownFileType = sourcecode.c.h; path = zkDescribeSObject.h; sourceTree = "<group>"; };
		5C17F6771212522300E4EC57 /* zkDescribeSObject.m */ = {isa = PBXFileReference; fileEncoding = 4; lastKnownFileType = sourcecode.c.objc; path = zkDescribeSObject.m; sourceTree = "<group>"; };
		5C17F6781212522300E4EC57 /* zkEnvelope.h */ = {isa = PBXFileReference; fileEncoding = 4; lastKnownFileType = sourcecode.c.h; path = zkEnvelope.h; sourceTree = "<group>"; };
		5C17F6791212522300E4EC57 /* zkEnvelope.m */ = {isa = PBXFileReference; fileEncoding = 4; lastKnownFileType = sourcecode.c.objc; path = zkEnvelope.m; sourceTree = "<group>"; };
		5C17F67A1212522300E4EC57 /* zkLoginResult.h */ = {isa = PBXFileReference; fileEncoding = 4; lastKnownFileType = sourcecode.c.h; path = zkLoginResult.h; sourceTree = "<group>"; };
		5C17F67B1212522300E4EC57 /* zkLoginResult.m */ = {isa = PBXFileReference; fileEncoding = 4; lastKnownFileType = sourcecode.c.objc; path = zkLoginResult.m; sourceTree = "<group>"; };
		5C17F67C1212522300E4EC57 /* zkParser.h */ = {isa = PBXFileReference; fileEncoding = 4; lastKnownFileType = sourcecode.c.h; path = zkParser.h; sourceTree = "<group>"; };
		5C17F67D1212522300E4EC57 /* zkParser.m */ = {isa = PBXFileReference; fileEncoding = 4; lastKnownFileType = sourcecode.c.objc; path = zkParser.m; sourceTree = "<group>"; };
		5C17F67E1212522300E4EC57 /* ZKPartnerEnvelope.h */ = {isa = PBXFileReference; fileEncoding = 4; lastKnownFileType = sourcecode.c.h; path = ZKPartnerEnvelope.h; sourceTree = "<group>"; };
		5C17F67F1212522300E4EC57 /* ZKPartnerEnvelope.m */ = {isa = PBXFileReference; fileEncoding = 4; lastKnownFileType = sourcecode.c.objc; path = ZKPartnerEnvelope.m; sourceTree = "<group>"; };
		5C17F6801212522300E4EC57 /* ZKPicklistEntry.h */ = {isa = PBXFileReference; fileEncoding = 4; lastKnownFileType = sourcecode.c.h; path = ZKPicklistEntry.h; sourceTree = "<group>"; };
		5C17F6811212522300E4EC57 /* ZKPicklistEntry.m */ = {isa = PBXFileReference; fileEncoding = 4; lastKnownFileType = sourcecode.c.objc; path = ZKPicklistEntry.m; sourceTree = "<group>"; };
		5C17F6821212522300E4EC57 /* zkQueryResult.h */ = {isa = PBXFileReference; fileEncoding = 4; lastKnownFileType = sourcecode.c.h; path = zkQueryResult.h; sourceTree = "<group>"; };
		5C17F6831212522300E4EC57 /* zkQueryResult.m */ = {isa = PBXFileReference; fileEncoding = 4; lastKnownFileType = sourcecode.c.objc; path = zkQueryResult.m; sourceTree = "<group>"; };
		5C17F6841212522300E4EC57 /* zkQueryResult_NSTableView.h */ = {isa = PBXFileReference; fileEncoding = 4; lastKnownFileType = sourcecode.c.h; path = zkQueryResult_NSTableView.h; sourceTree = "<group>"; };
		5C17F6851212522300E4EC57 /* zkQueryResult_NSTableView.m */ = {isa = PBXFileReference; fileEncoding = 4; lastKnownFileType = sourcecode.c.objc; path = zkQueryResult_NSTableView.m; sourceTree = "<group>"; };
		5C17F6861212522300E4EC57 /* ZKRecordTypeInfo.h */ = {isa = PBXFileReference; fileEncoding = 4; lastKnownFileType = sourcecode.c.h; path = ZKRecordTypeInfo.h; sourceTree = "<group>"; };
		5C17F6871212522300E4EC57 /* ZKRecordTypeInfo.m */ = {isa = PBXFileReference; fileEncoding = 4; lastKnownFileType = sourcecode.c.objc; path = ZKRecordTypeInfo.m; sourceTree = "<group>"; };
		5C17F6881212522300E4EC57 /* zkSaveResult.h */ = {isa = PBXFileReference; fileEncoding = 4; lastKnownFileType = sourcecode.c.h; path = zkSaveResult.h; sourceTree = "<group>"; };
		5C17F6891212522300E4EC57 /* zkSaveResult.m */ = {isa = PBXFileReference; fileEncoding = 4; lastKnownFileType = sourcecode.c.objc; path = zkSaveResult.m; sourceTree = "<group>"; };
		5C17F68A1212522300E4EC57 /* zkSforce.h */ = {isa = PBXFileReference; fileEncoding = 4; lastKnownFileType = sourcecode.c.h; path = zkSforce.h; sourceTree = "<group>"; };
		5C17F68B1212522300E4EC57 /* zkSforceClient.h */ = {isa = PBXFileReference; fileEncoding = 4; lastKnownFileType = sourcecode.c.h; path = zkSforceClient.h; sourceTree = "<group>"; };
		5C17F68C1212522300E4EC57 /* zkSforceClient.m */ = {isa = PBXFileReference; fileEncoding = 4; lastKnownFileType = sourcecode.c.objc; path = zkSforceClient.m; sourceTree = "<group>"; };
		5C17F68D1212522300E4EC57 /* zkSoapException.h */ = {isa = PBXFileReference; fileEncoding = 4; lastKnownFileType = sourcecode.c.h; path = zkSoapException.h; sourceTree = "<group>"; };
		5C17F68E1212522300E4EC57 /* zkSoapException.m */ = {isa = PBXFileReference; fileEncoding = 4; lastKnownFileType = sourcecode.c.objc; path = zkSoapException.m; sourceTree = "<group>"; };
		5C17F68F1212522300E4EC57 /* zkSObject.h */ = {isa = PBXFileReference; fileEncoding = 4; lastKnownFileType = sourcecode.c.h; path = zkSObject.h; sourceTree = "<group>"; };
		5C17F6901212522300E4EC57 /* zkSObject.m */ = {isa = PBXFileReference; fileEncoding = 4; lastKnownFileType = sourcecode.c.objc; path = zkSObject.m; sourceTree = "<group>"; };
		5C17F6911212522300E4EC57 /* ZKURLConnection.h */ = {isa = PBXFileReference; fileEncoding = 4; lastKnownFileType = sourcecode.c.h; path = ZKURLConnection.h; sourceTree = "<group>"; };
		5C17F6921212522300E4EC57 /* ZKURLConnection.m */ = {isa = PBXFileReference; fileEncoding = 4; lastKnownFileType = sourcecode.c.objc; path = ZKURLConnection.m; sourceTree = "<group>"; };
		5C17F6931212522300E4EC57 /* zkUserInfo.h */ = {isa = PBXFileReference; fileEncoding = 4; lastKnownFileType = sourcecode.c.h; path = zkUserInfo.h; sourceTree = "<group>"; };
		5C17F6941212522300E4EC57 /* zkUserInfo.m */ = {isa = PBXFileReference; fileEncoding = 4; lastKnownFileType = sourcecode.c.objc; path = zkUserInfo.m; sourceTree = "<group>"; };
		5C17F6951212522300E4EC57 /* zkXmlDeserializer.h */ = {isa = PBXFileReference; fileEncoding = 4; lastKnownFileType = sourcecode.c.h; path = zkXmlDeserializer.h; sourceTree = "<group>"; };
		5C17F6961212522300E4EC57 /* zkXmlDeserializer.m */ = {isa = PBXFileReference; fileEncoding = 4; lastKnownFileType = sourcecode.c.objc; path = zkXmlDeserializer.m; sourceTree = "<group>"; };
		5CDD7E0911CEC89000398443 /* Security.framework */ = {isa = PBXFileReference; lastKnownFileType = wrapper.framework; name = Security.framework; path = System/Library/Frameworks/Security.framework; sourceTree = SDKROOT; };
		5CDD7E1B11CECA9A00398443 /* LoginView.xib */ = {isa = PBXFileReference; lastKnownFileType = file.xib; name = LoginView.xib; path = Classes/LoginView.xib; sourceTree = "<group>"; };
		5CDD7E2611CECB8A00398443 /* LoginViewController.h */ = {isa = PBXFileReference; fileEncoding = 4; lastKnownFileType = sourcecode.c.h; path = LoginViewController.h; sourceTree = "<group>"; };
		5CDD7E2711CECB8A00398443 /* LoginViewController.m */ = {isa = PBXFileReference; fileEncoding = 4; lastKnownFileType = sourcecode.c.objc; path = LoginViewController.m; sourceTree = "<group>"; };
		8D1107310486CEB800E47090 /* SplitForceSynch-Info.plist */ = {isa = PBXFileReference; fileEncoding = 4; lastKnownFileType = text.plist.xml; path = "SplitForceSynch-Info.plist"; plistStructureDefinitionIdentifier = "com.apple.xcode.plist.structure-definition.iphone.info-plist"; sourceTree = "<group>"; };
/* End PBXFileReference section */

/* Begin PBXFrameworksBuildPhase section */
		1D60588F0D05DD3D006BFB54 /* Frameworks */ = {
			isa = PBXFrameworksBuildPhase;
			buildActionMask = 2147483647;
			files = (
				1D60589F0D05DD5A006BFB54 /* Foundation.framework in Frameworks */,
				1DF5F4E00D08C38300B7A737 /* UIKit.framework in Frameworks */,
				2892E4100DC94CBA00A64D0F /* CoreGraphics.framework in Frameworks */,
				5CDD7E0A11CEC89000398443 /* Security.framework in Frameworks */,
			);
			runOnlyForDeploymentPostprocessing = 0;
		};
/* End PBXFrameworksBuildPhase section */

/* Begin PBXGroup section */
		080E96DDFE201D6D7F000001 /* Classes */ = {
			isa = PBXGroup;
			children = (
				5C17F64A1212522300E4EC57 /* zkSforce */,
				1D3623240D0F684500981E51 /* SplitForceAppDelegate.h */,
				1D3623250D0F684500981E51 /* SplitForceAppDelegate.m */,
				28042007108E984D000629CD /* RootViewController.h */,
				28042008108E984D000629CD /* RootViewController.m */,
				28042009108E984D000629CD /* DetailViewController.h */,
				2804200A108E984D000629CD /* DetailViewController.m */,
				5CDD7E2611CECB8A00398443 /* LoginViewController.h */,
				5CDD7E2711CECB8A00398443 /* LoginViewController.m */,
			);
			path = Classes;
			sourceTree = "<group>";
		};
		19C28FACFE9D520D11CA2CBB /* Products */ = {
			isa = PBXGroup;
			children = (
				1D6058910D05DD3D006BFB54 /* SplitForceSynch.app */,
			);
			name = Products;
			sourceTree = "<group>";
		};
		29B97314FDCFA39411CA2CEA /* CustomTemplate */ = {
			isa = PBXGroup;
			children = (
				080E96DDFE201D6D7F000001 /* Classes */,
				29B97315FDCFA39411CA2CEA /* Other Sources */,
				29B97317FDCFA39411CA2CEA /* Resources */,
				29B97323FDCFA39411CA2CEA /* Frameworks */,
				19C28FACFE9D520D11CA2CBB /* Products */,
			);
			name = CustomTemplate;
			sourceTree = "<group>";
		};
		29B97315FDCFA39411CA2CEA /* Other Sources */ = {
			isa = PBXGroup;
			children = (
				28A0AAE50D9B0CCF005BE974 /* SplitForceSynch_Prefix.pch */,
				29B97316FDCFA39411CA2CEA /* main.m */,
			);
			name = "Other Sources";
			sourceTree = "<group>";
		};
		29B97317FDCFA39411CA2CEA /* Resources */ = {
			isa = PBXGroup;
			children = (
				5CDD7E1B11CECA9A00398443 /* LoginView.xib */,
				28AD735F0D9D9599002E5188 /* MainWindow.xib */,
				2804203B108E9BAB000629CD /* DetailView.xib */,
				8D1107310486CEB800E47090 /* SplitForceSynch-Info.plist */,
			);
			name = Resources;
			sourceTree = "<group>";
		};
		29B97323FDCFA39411CA2CEA /* Frameworks */ = {
			isa = PBXGroup;
			children = (
				1DF5F4DF0D08C38300B7A737 /* UIKit.framework */,
				1D30AB110D05D00D00671497 /* Foundation.framework */,
				2892E40F0DC94CBA00A64D0F /* CoreGraphics.framework */,
				5CDD7E0911CEC89000398443 /* Security.framework */,
			);
			name = Frameworks;
			sourceTree = "<group>";
		};
		5C17F64A1212522300E4EC57 /* zkSforce */ = {
			isa = PBXGroup;
			children = (
				5C17F64E1212522300E4EC57 /* KeychainSupport */,
				5C17F6511212522300E4EC57 /* LayoutSupport */,
				5C17F6691212522300E4EC57 /* zkBaseClient.h */,
				5C17F66A1212522300E4EC57 /* zkBaseClient.m */,
				5C17F66B1212522300E4EC57 /* zkChildRelationship.h */,
				5C17F66C1212522300E4EC57 /* zkChildRelationship.m */,
				5C17F66D1212522300E4EC57 /* ZKDescribeButtonSection.h */,
				5C17F66E1212522300E4EC57 /* zkDescribeField.h */,
				5C17F66F1212522300E4EC57 /* zkDescribeField.m */,
				5C17F6701212522300E4EC57 /* zkDescribeGlobalSObject.h */,
				5C17F6711212522300E4EC57 /* zkDescribeGlobalSObject.m */,
				5C17F6721212522300E4EC57 /* zkDescribeLayoutComponent.h */,
				5C17F6731212522300E4EC57 /* zkDescribeLayoutItem.h */,
				5C17F6741212522300E4EC57 /* zkDescribeLayoutRow.h */,
				5C17F6751212522300E4EC57 /* zkDescribeLayoutSection.h */,
				5C17F6761212522300E4EC57 /* zkDescribeSObject.h */,
				5C17F6771212522300E4EC57 /* zkDescribeSObject.m */,
				5C17F6781212522300E4EC57 /* zkEnvelope.h */,
				5C17F6791212522300E4EC57 /* zkEnvelope.m */,
				5C17F67A1212522300E4EC57 /* zkLoginResult.h */,
				5C17F67B1212522300E4EC57 /* zkLoginResult.m */,
				5C17F67C1212522300E4EC57 /* zkParser.h */,
				5C17F67D1212522300E4EC57 /* zkParser.m */,
				5C17F67E1212522300E4EC57 /* ZKPartnerEnvelope.h */,
				5C17F67F1212522300E4EC57 /* ZKPartnerEnvelope.m */,
				5C17F6801212522300E4EC57 /* ZKPicklistEntry.h */,
				5C17F6811212522300E4EC57 /* ZKPicklistEntry.m */,
				5C17F6821212522300E4EC57 /* zkQueryResult.h */,
				5C17F6831212522300E4EC57 /* zkQueryResult.m */,
				5C17F6841212522300E4EC57 /* zkQueryResult_NSTableView.h */,
				5C17F6851212522300E4EC57 /* zkQueryResult_NSTableView.m */,
				5C17F6861212522300E4EC57 /* ZKRecordTypeInfo.h */,
				5C17F6871212522300E4EC57 /* ZKRecordTypeInfo.m */,
				5C17F6881212522300E4EC57 /* zkSaveResult.h */,
				5C17F6891212522300E4EC57 /* zkSaveResult.m */,
				5C17F68A1212522300E4EC57 /* zkSforce.h */,
				5C17F68B1212522300E4EC57 /* zkSforceClient.h */,
				5C17F68C1212522300E4EC57 /* zkSforceClient.m */,
				5C17F68D1212522300E4EC57 /* zkSoapException.h */,
				5C17F68E1212522300E4EC57 /* zkSoapException.m */,
				5C17F68F1212522300E4EC57 /* zkSObject.h */,
				5C17F6901212522300E4EC57 /* zkSObject.m */,
				5C17F6911212522300E4EC57 /* ZKURLConnection.h */,
				5C17F6921212522300E4EC57 /* ZKURLConnection.m */,
				5C17F6931212522300E4EC57 /* zkUserInfo.h */,
				5C17F6941212522300E4EC57 /* zkUserInfo.m */,
				5C17F6951212522300E4EC57 /* zkXmlDeserializer.h */,
				5C17F6961212522300E4EC57 /* zkXmlDeserializer.m */,
			);
			path = zkSforce;
			sourceTree = "<group>";
		};
		5C17F64E1212522300E4EC57 /* KeychainSupport */ = {
			isa = PBXGroup;
			children = (
				5C17F64F1212522300E4EC57 /* KeychainItemWrapper.h */,
				5C17F6501212522300E4EC57 /* KeychainItemWrapper.m */,
			);
			path = KeychainSupport;
			sourceTree = "<group>";
		};
		5C17F6511212522300E4EC57 /* LayoutSupport */ = {
			isa = PBXGroup;
			children = (
				5C17F6521212522300E4EC57 /* zkDescribeLayout.h */,
				5C17F6531212522300E4EC57 /* zkDescribeLayout.m */,
				5C17F6541212522300E4EC57 /* zkDescribeLayoutButton.h */,
				5C17F6551212522300E4EC57 /* zkDescribeLayoutButton.m */,
				5C17F6561212522300E4EC57 /* zkDescribeLayoutButtonSection.h */,
				5C17F6571212522300E4EC57 /* zkDescribeLayoutButtonSection.m */,
				5C17F6581212522300E4EC57 /* zkDescribeLayoutComponent.m */,
				5C17F6591212522300E4EC57 /* zkDescribeLayoutItem.m */,
				5C17F65A1212522300E4EC57 /* zkDescribeLayoutResult.h */,
				5C17F65B1212522300E4EC57 /* zkDescribeLayoutResult.m */,
				5C17F65C1212522300E4EC57 /* zkDescribeLayoutRow.m */,
				5C17F65D1212522300E4EC57 /* zkDescribeLayoutSection.m */,
				5C17F65E1212522300E4EC57 /* zkPicklistForRecordType.h */,
				5C17F65F1212522300E4EC57 /* zkPicklistForRecordType.m */,
				5C17F6601212522300E4EC57 /* zkRecordTypeMapping.h */,
				5C17F6611212522300E4EC57 /* zkRecordTypeMapping.m */,
				5C17F6621212522300E4EC57 /* zkRelatedList.h */,
				5C17F6631212522300E4EC57 /* zkRelatedList.m */,
				5C17F6641212522300E4EC57 /* zkRelatedListColumn.h */,
				5C17F6651212522300E4EC57 /* zkRelatedListColumn.m */,
				5C17F6661212522300E4EC57 /* zkRelatedListSort.h */,
				5C17F6671212522300E4EC57 /* zkRelatedListSort.m */,
				5C17F6681212522300E4EC57 /* ZKResponse.h */,
			);
			path = LayoutSupport;
			sourceTree = "<group>";
		};
/* End PBXGroup section */

/* Begin PBXNativeTarget section */
		1D6058900D05DD3D006BFB54 /* SplitForceSynch */ = {
			isa = PBXNativeTarget;
			buildConfigurationList = 1D6058960D05DD3E006BFB54 /* Build configuration list for PBXNativeTarget "SplitForceSynch" */;
			buildPhases = (
				1D60588D0D05DD3D006BFB54 /* Resources */,
				1D60588E0D05DD3D006BFB54 /* Sources */,
				1D60588F0D05DD3D006BFB54 /* Frameworks */,
			);
			buildRules = (
			);
			dependencies = (
			);
			name = SplitForceSynch;
			productName = SplitForce;
			productReference = 1D6058910D05DD3D006BFB54 /* SplitForceSynch.app */;
			productType = "com.apple.product-type.application";
		};
/* End PBXNativeTarget section */

/* Begin PBXProject section */
		29B97313FDCFA39411CA2CEA /* Project object */ = {
			isa = PBXProject;
			buildConfigurationList = C01FCF4E08A954540054247B /* Build configuration list for PBXProject "SplitForceSynch" */;
			compatibilityVersion = "Xcode 3.2";
			hasScannedForEncodings = 1;
			knownRegions = (
				English,
				Japanese,
				French,
				German,
				en,
			);
			mainGroup = 29B97314FDCFA39411CA2CEA /* CustomTemplate */;
			projectDirPath = "";
			projectRoot = "";
			targets = (
				1D6058900D05DD3D006BFB54 /* SplitForceSynch */,
			);
		};
/* End PBXProject section */

/* Begin PBXResourcesBuildPhase section */
		1D60588D0D05DD3D006BFB54 /* Resources */ = {
			isa = PBXResourcesBuildPhase;
			buildActionMask = 2147483647;
			files = (
				28AD73600D9D9599002E5188 /* MainWindow.xib in Resources */,
				2804203C108E9BAB000629CD /* DetailView.xib in Resources */,
				5CDD7E1C11CECA9A00398443 /* LoginView.xib in Resources */,
			);
			runOnlyForDeploymentPostprocessing = 0;
		};
/* End PBXResourcesBuildPhase section */

/* Begin PBXSourcesBuildPhase section */
		1D60588E0D05DD3D006BFB54 /* Sources */ = {
			isa = PBXSourcesBuildPhase;
			buildActionMask = 2147483647;
			files = (
				1D60589B0D05DD56006BFB54 /* main.m in Sources */,
				1D3623260D0F684500981E51 /* SplitForceAppDelegate.m in Sources */,
				2804200B108E984D000629CD /* RootViewController.m in Sources */,
				2804200C108E984D000629CD /* DetailViewController.m in Sources */,
				5CDD7E2811CECB8A00398443 /* LoginViewController.m in Sources */,
				5C17F6981212522300E4EC57 /* KeychainItemWrapper.m in Sources */,
				5C17F6991212522300E4EC57 /* zkDescribeLayout.m in Sources */,
				5C17F69A1212522300E4EC57 /* zkDescribeLayoutButton.m in Sources */,
				5C17F69B1212522300E4EC57 /* zkDescribeLayoutButtonSection.m in Sources */,
				5C17F69C1212522300E4EC57 /* zkDescribeLayoutComponent.m in Sources */,
				5C17F69D1212522300E4EC57 /* zkDescribeLayoutItem.m in Sources */,
				5C17F69E1212522300E4EC57 /* zkDescribeLayoutResult.m in Sources */,
				5C17F69F1212522300E4EC57 /* zkDescribeLayoutRow.m in Sources */,
				5C17F6A01212522300E4EC57 /* zkDescribeLayoutSection.m in Sources */,
				5C17F6A11212522300E4EC57 /* zkPicklistForRecordType.m in Sources */,
				5C17F6A21212522300E4EC57 /* zkRecordTypeMapping.m in Sources */,
				5C17F6A31212522300E4EC57 /* zkRelatedList.m in Sources */,
				5C17F6A41212522300E4EC57 /* zkRelatedListColumn.m in Sources */,
				5C17F6A51212522300E4EC57 /* zkRelatedListSort.m in Sources */,
				5C17F6A61212522300E4EC57 /* zkBaseClient.m in Sources */,
				5C17F6A71212522300E4EC57 /* zkChildRelationship.m in Sources */,
				5C17F6A81212522300E4EC57 /* zkDescribeField.m in Sources */,
				5C17F6A91212522300E4EC57 /* zkDescribeGlobalSObject.m in Sources */,
				5C17F6AA1212522300E4EC57 /* zkDescribeSObject.m in Sources */,
				5C17F6AB1212522300E4EC57 /* zkEnvelope.m in Sources */,
				5C17F6AC1212522300E4EC57 /* zkLoginResult.m in Sources */,
				5C17F6AD1212522300E4EC57 /* zkParser.m in Sources */,
				5C17F6AE1212522300E4EC57 /* ZKPartnerEnvelope.m in Sources */,
				5C17F6AF1212522300E4EC57 /* ZKPicklistEntry.m in Sources */,
				5C17F6B01212522300E4EC57 /* zkQueryResult.m in Sources */,
				5C17F6B11212522300E4EC57 /* zkQueryResult_NSTableView.m in Sources */,
				5C17F6B21212522300E4EC57 /* ZKRecordTypeInfo.m in Sources */,
				5C17F6B31212522300E4EC57 /* zkSaveResult.m in Sources */,
				5C17F6B41212522300E4EC57 /* zkSforceClient.m in Sources */,
				5C17F6B51212522300E4EC57 /* zkSoapException.m in Sources */,
				5C17F6B61212522300E4EC57 /* zkSObject.m in Sources */,
				5C17F6B71212522300E4EC57 /* ZKURLConnection.m in Sources */,
				5C17F6B81212522300E4EC57 /* zkUserInfo.m in Sources */,
				5C17F6B91212522300E4EC57 /* zkXmlDeserializer.m in Sources */,
			);
			runOnlyForDeploymentPostprocessing = 0;
		};
/* End PBXSourcesBuildPhase section */

/* Begin XCBuildConfiguration section */
		1D6058940D05DD3E006BFB54 /* Debug */ = {
			isa = XCBuildConfiguration;
			buildSettings = {
				ALWAYS_SEARCH_USER_PATHS = NO;
				COPY_PHASE_STRIP = NO;
				GCC_DYNAMIC_NO_PIC = NO;
				GCC_OPTIMIZATION_LEVEL = 0;
				GCC_PRECOMPILE_PREFIX_HEADER = YES;
				GCC_PREFIX_HEADER = SplitForceSynch_Prefix.pch;
				INFOPLIST_FILE = "SplitForceSynch-Info.plist";
				PRODUCT_NAME = SplitForceSynch;
			};
			name = Debug;
		};
		1D6058950D05DD3E006BFB54 /* Release */ = {
			isa = XCBuildConfiguration;
			buildSettings = {
				ALWAYS_SEARCH_USER_PATHS = NO;
				COPY_PHASE_STRIP = YES;
				GCC_PRECOMPILE_PREFIX_HEADER = YES;
				GCC_PREFIX_HEADER = SplitForceSynch_Prefix.pch;
				INFOPLIST_FILE = "SplitForceSynch-Info.plist";
				PRODUCT_NAME = SplitForceSynch;
				VALIDATE_PRODUCT = YES;
			};
			name = Release;
		};
		C01FCF4F08A954540054247B /* Debug */ = {
			isa = XCBuildConfiguration;
			buildSettings = {
				ARCHS = "$(ARCHS_UNIVERSAL_IPHONE_OS)";
				"CODE_SIGN_IDENTITY[sdk=iphoneos*]" = "iPhone Developer";
				GCC_C_LANGUAGE_STANDARD = c99;
				GCC_WARN_ABOUT_RETURN_TYPE = YES;
				GCC_WARN_UNUSED_VARIABLE = YES;
				HEADER_SEARCH_PATHS = /usr/include/libxml2;
				OTHER_LDFLAGS = "-lxml2";
				PREBINDING = NO;
				SDKROOT = iphoneos3.2;
				TARGETED_DEVICE_FAMILY = 2;
			};
			name = Debug;
		};
		C01FCF5008A954540054247B /* Release */ = {
			isa = XCBuildConfiguration;
			buildSettings = {
				ARCHS = "$(ARCHS_UNIVERSAL_IPHONE_OS)";
				"CODE_SIGN_IDENTITY[sdk=iphoneos*]" = "iPhone Developer";
				GCC_C_LANGUAGE_STANDARD = c99;
				GCC_WARN_ABOUT_RETURN_TYPE = YES;
				GCC_WARN_UNUSED_VARIABLE = YES;
				HEADER_SEARCH_PATHS = /usr/include/libxml2;
				OTHER_CFLAGS = "-DNS_BLOCK_ASSERTIONS=1";
				OTHER_LDFLAGS = "-lxml2";
				PREBINDING = NO;
				SDKROOT = iphoneos3.2;
				TARGETED_DEVICE_FAMILY = 2;
			};
			name = Release;
		};
/* End XCBuildConfiguration section */

/* Begin XCConfigurationList section */
		1D6058960D05DD3E006BFB54 /* Build configuration list for PBXNativeTarget "SplitForceSynch" */ = {
			isa = XCConfigurationList;
			buildConfigurations = (
				1D6058940D05DD3E006BFB54 /* Debug */,
				1D6058950D05DD3E006BFB54 /* Release */,
			);
			defaultConfigurationIsVisible = 0;
			defaultConfigurationName = Release;
		};
		C01FCF4E08A954540054247B /* Build configuration list for PBXProject "SplitForceSynch" */ = {
			isa = XCConfigurationList;
			buildConfigurations = (
				C01FCF4F08A954540054247B /* Debug */,
				C01FCF5008A954540054247B /* Release */,
			);
			defaultConfigurationIsVisible = 0;
			defaultConfigurationName = Release;
		};
/* End XCConfigurationList section */
	};
	rootObject = 29B97313FDCFA39411CA2CEA /* Project object */;
}
